
Microsoft Visual Studio Solution File, Format Version 12.00
# Visual Studio 15
VisualStudioVersion = 15.0.26124.0
MinimumVisualStudioVersion = 15.0.26124.0
Project("{FAE04EC0-301F-11D3-BF4B-00C04F79EFBC}") = "Basket.Api", "Basket.Api\Basket.Api.csproj", "{7C4B59AF-0347-4E78-B58A-CF530FDC83C0}"
EndProject
Project("{FAE04EC0-301F-11D3-BF4B-00C04F79EFBC}") = "Basket.Tests", "Basket.Tests\Basket.Tests.csproj", "{C835A4EA-D884-4376-9FF5-9F70D01B8819}"
EndProject
Project("{FAE04EC0-301F-11D3-BF4B-00C04F79EFBC}") = "Basket.Core", "Basket.Core\Basket.Core.csproj", "{7F9CF3B4-BB7C-452D-8378-257C6839D581}"
EndProject
Global
	GlobalSection(SolutionConfigurationPlatforms) = preSolution
		Debug|Any CPU = Debug|Any CPU
		Debug|x64 = Debug|x64
		Debug|x86 = Debug|x86
		Release|Any CPU = Release|Any CPU
		Release|x64 = Release|x64
		Release|x86 = Release|x86
	EndGlobalSection
	GlobalSection(SolutionProperties) = preSolution
		HideSolutionNode = FALSE
	EndGlobalSection
	GlobalSection(ProjectConfigurationPlatforms) = postSolution
		{7C4B59AF-0347-4E78-B58A-CF530FDC83C0}.Debug|Any CPU.ActiveCfg = Debug|Any CPU
		{7C4B59AF-0347-4E78-B58A-CF530FDC83C0}.Debug|Any CPU.Build.0 = Debug|Any CPU
		{7C4B59AF-0347-4E78-B58A-CF530FDC83C0}.Debug|x64.ActiveCfg = Debug|Any CPU
		{7C4B59AF-0347-4E78-B58A-CF530FDC83C0}.Debug|x64.Build.0 = Debug|Any CPU
		{7C4B59AF-0347-4E78-B58A-CF530FDC83C0}.Debug|x86.ActiveCfg = Debug|Any CPU
		{7C4B59AF-0347-4E78-B58A-CF530FDC83C0}.Debug|x86.Build.0 = Debug|Any CPU
		{7C4B59AF-0347-4E78-B58A-CF530FDC83C0}.Release|Any CPU.ActiveCfg = Release|Any CPU
		{7C4B59AF-0347-4E78-B58A-CF530FDC83C0}.Release|Any CPU.Build.0 = Release|Any CPU
		{7C4B59AF-0347-4E78-B58A-CF530FDC83C0}.Release|x64.ActiveCfg = Release|Any CPU
		{7C4B59AF-0347-4E78-B58A-CF530FDC83C0}.Release|x64.Build.0 = Release|Any CPU
		{7C4B59AF-0347-4E78-B58A-CF530FDC83C0}.Release|x86.ActiveCfg = Release|Any CPU
		{7C4B59AF-0347-4E78-B58A-CF530FDC83C0}.Release|x86.Build.0 = Release|Any CPU
		{C835A4EA-D884-4376-9FF5-9F70D01B8819}.Debug|Any CPU.ActiveCfg = Debug|Any CPU
		{C835A4EA-D884-4376-9FF5-9F70D01B8819}.Debug|Any CPU.Build.0 = Debug|Any CPU
		{C835A4EA-D884-4376-9FF5-9F70D01B8819}.Debug|x64.ActiveCfg = Debug|Any CPU
		{C835A4EA-D884-4376-9FF5-9F70D01B8819}.Debug|x64.Build.0 = Debug|Any CPU
		{C835A4EA-D884-4376-9FF5-9F70D01B8819}.Debug|x86.ActiveCfg = Debug|Any CPU
		{C835A4EA-D884-4376-9FF5-9F70D01B8819}.Debug|x86.Build.0 = Debug|Any CPU
		{C835A4EA-D884-4376-9FF5-9F70D01B8819}.Release|Any CPU.ActiveCfg = Release|Any CPU
		{C835A4EA-D884-4376-9FF5-9F70D01B8819}.Release|Any CPU.Build.0 = Release|Any CPU
		{C835A4EA-D884-4376-9FF5-9F70D01B8819}.Release|x64.ActiveCfg = Release|Any CPU
		{C835A4EA-D884-4376-9FF5-9F70D01B8819}.Release|x64.Build.0 = Release|Any CPU
		{C835A4EA-D884-4376-9FF5-9F70D01B8819}.Release|x86.ActiveCfg = Release|Any CPU
		{C835A4EA-D884-4376-9FF5-9F70D01B8819}.Release|x86.Build.0 = Release|Any CPU
		{7F9CF3B4-BB7C-452D-8378-257C6839D581}.Debug|Any CPU.ActiveCfg = Debug|Any CPU
		{7F9CF3B4-BB7C-452D-8378-257C6839D581}.Debug|Any CPU.Build.0 = Debug|Any CPU
		{7F9CF3B4-BB7C-452D-8378-257C6839D581}.Debug|x64.ActiveCfg = Debug|Any CPU
		{7F9CF3B4-BB7C-452D-8378-257C6839D581}.Debug|x64.Build.0 = Debug|Any CPU
		{7F9CF3B4-BB7C-452D-8378-257C6839D581}.Debug|x86.ActiveCfg = Debug|Any CPU
		{7F9CF3B4-BB7C-452D-8378-257C6839D581}.Debug|x86.Build.0 = Debug|Any CPU
		{7F9CF3B4-BB7C-452D-8378-257C6839D581}.Release|Any CPU.ActiveCfg = Release|Any CPU
		{7F9CF3B4-BB7C-452D-8378-257C6839D581}.Release|Any CPU.Build.0 = Release|Any CPU
		{7F9CF3B4-BB7C-452D-8378-257C6839D581}.Release|x64.ActiveCfg = Release|Any CPU
		{7F9CF3B4-BB7C-452D-8378-257C6839D581}.Release|x64.Build.0 = Release|Any CPU
		{7F9CF3B4-BB7C-452D-8378-257C6839D581}.Release|x86.ActiveCfg = Release|Any CPU
		{7F9CF3B4-BB7C-452D-8378-257C6839D581}.Release|x86.Build.0 = Release|Any CPU
	EndGlobalSection
EndGlobal
